// !$*UTF8*$!
{
	archiveVersion = 1;
	classes = {
	};
	objectVersion = 46;
	objects = {

/* Begin PBXBuildFile section */
		821E0F1D1D0EF60D00C578A5 /* main.m in Sources */ = {isa = PBXBuildFile; fileRef = 821E0F1C1D0EF60D00C578A5 /* main.m */; };
		821E0F201D0EF60D00C578A5 /* AppDelegate.m in Sources */ = {isa = PBXBuildFile; fileRef = 821E0F1F1D0EF60D00C578A5 /* AppDelegate.m */; };
		821E0F231D0EF60D00C578A5 /* ViewController.m in Sources */ = {isa = PBXBuildFile; fileRef = 821E0F221D0EF60D00C578A5 /* ViewController.m */; };
		821E0F261D0EF60D00C578A5 /* Main.storyboard in Resources */ = {isa = PBXBuildFile; fileRef = 821E0F241D0EF60D00C578A5 /* Main.storyboard */; };
		821E0F281D0EF60D00C578A5 /* Assets.xcassets in Resources */ = {isa = PBXBuildFile; fileRef = 821E0F271D0EF60D00C578A5 /* Assets.xcassets */; };
		821E0F2B1D0EF60D00C578A5 /* LaunchScreen.storyboard in Resources */ = {isa = PBXBuildFile; fileRef = 821E0F291D0EF60D00C578A5 /* LaunchScreen.storyboard */; };
		82B2E5A51D0FF631000232C5 /* MMActionConfirmationView.m in Sources */ = {isa = PBXBuildFile; fileRef = 82B2E5A41D0FF631000232C5 /* MMActionConfirmationView.m */; };
/* End PBXBuildFile section */

/* Begin PBXFileReference section */
		821E0F181D0EF60C00C578A5 /* MMActionConfirmation-Demo.app */ = {isa = PBXFileReference; explicitFileType = wrapper.application; includeInIndex = 0; path = "MMActionConfirmation-Demo.app"; sourceTree = BUILT_PRODUCTS_DIR; };
		821E0F1C1D0EF60D00C578A5 /* main.m */ = {isa = PBXFileReference; lastKnownFileType = sourcecode.c.objc; path = main.m; sourceTree = "<group>"; };
		821E0F1E1D0EF60D00C578A5 /* AppDelegate.h */ = {isa = PBXFileReference; lastKnownFileType = sourcecode.c.h; path = AppDelegate.h; sourceTree = "<group>"; };
		821E0F1F1D0EF60D00C578A5 /* AppDelegate.m */ = {isa = PBXFileReference; lastKnownFileType = sourcecode.c.objc; path = AppDelegate.m; sourceTree = "<group>"; };
		821E0F211D0EF60D00C578A5 /* ViewController.h */ = {isa = PBXFileReference; lastKnownFileType = sourcecode.c.h; path = ViewController.h; sourceTree = "<group>"; };
		821E0F221D0EF60D00C578A5 /* ViewController.m */ = {isa = PBXFileReference; lastKnownFileType = sourcecode.c.objc; path = ViewController.m; sourceTree = "<group>"; };
		821E0F251D0EF60D00C578A5 /* Base */ = {isa = PBXFileReference; lastKnownFileType = file.storyboard; name = Base; path = Base.lproj/Main.storyboard; sourceTree = "<group>"; };
		821E0F271D0EF60D00C578A5 /* Assets.xcassets */ = {isa = PBXFileReference; lastKnownFileType = folder.assetcatalog; path = Assets.xcassets; sourceTree = "<group>"; };
		821E0F2A1D0EF60D00C578A5 /* Base */ = {isa = PBXFileReference; lastKnownFileType = file.storyboard; name = Base; path = Base.lproj/LaunchScreen.storyboard; sourceTree = "<group>"; };
		821E0F2C1D0EF60D00C578A5 /* Info.plist */ = {isa = PBXFileReference; lastKnownFileType = text.plist.xml; path = Info.plist; sourceTree = "<group>"; };
		82B2E5A21D0FF631000232C5 /* Enum.h */ = {isa = PBXFileReference; fileEncoding = 4; lastKnownFileType = sourcecode.c.h; name = Enum.h; path = ../../Enum.h; sourceTree = "<group>"; };
		82B2E5A31D0FF631000232C5 /* MMActionConfirmationView.h */ = {isa = PBXFileReference; fileEncoding = 4; lastKnownFileType = sourcecode.c.h; name = MMActionConfirmationView.h; path = ../../MMActionConfirmationView.h; sourceTree = "<group>"; };
		82B2E5A41D0FF631000232C5 /* MMActionConfirmationView.m */ = {isa = PBXFileReference; fileEncoding = 4; lastKnownFileType = sourcecode.c.objc; name = MMActionConfirmationView.m; path = ../../MMActionConfirmationView.m; sourceTree = "<group>"; };
/* End PBXFileReference section */

/* Begin PBXFrameworksBuildPhase section */
		821E0F151D0EF60C00C578A5 /* Frameworks */ = {
			isa = PBXFrameworksBuildPhase;
			buildActionMask = 2147483647;
			files = (
			);
			runOnlyForDeploymentPostprocessing = 0;
		};
/* End PBXFrameworksBuildPhase section */

/* Begin PBXGroup section */
		821E0F0F1D0EF60C00C578A5 = {
			isa = PBXGroup;
			children = (
				821E0F1A1D0EF60D00C578A5 /* MMActionConfirmation-Demo */,
				821E0F191D0EF60C00C578A5 /* Products */,
			);
			sourceTree = "<group>";
		};
		821E0F191D0EF60C00C578A5 /* Products */ = {
			isa = PBXGroup;
			children = (
				821E0F181D0EF60C00C578A5 /* MMActionConfirmation-Demo.app */,
			);
			name = Products;
			sourceTree = "<group>";
		};
		821E0F1A1D0EF60D00C578A5 /* MMActionConfirmation-Demo */ = {
			isa = PBXGroup;
			children = (
				82B2E5A21D0FF631000232C5 /* Enum.h */,
				82B2E5A31D0FF631000232C5 /* MMActionConfirmationView.h */,
				82B2E5A41D0FF631000232C5 /* MMActionConfirmationView.m */,
				821E0F1E1D0EF60D00C578A5 /* AppDelegate.h */,
				821E0F1F1D0EF60D00C578A5 /* AppDelegate.m */,
				821E0F211D0EF60D00C578A5 /* ViewController.h */,
				821E0F221D0EF60D00C578A5 /* ViewController.m */,
				821E0F241D0EF60D00C578A5 /* Main.storyboard */,
				821E0F271D0EF60D00C578A5 /* Assets.xcassets */,
				821E0F291D0EF60D00C578A5 /* LaunchScreen.storyboard */,
				821E0F2C1D0EF60D00C578A5 /* Info.plist */,
				821E0F1B1D0EF60D00C578A5 /* Supporting Files */,
			);
			path = "MMActionConfirmation-Demo";
			sourceTree = "<group>";
		};
		821E0F1B1D0EF60D00C578A5 /* Supporting Files */ = {
			isa = PBXGroup;
			children = (
				821E0F1C1D0EF60D00C578A5 /* main.m */,
			);
			name = "Supporting Files";
			sourceTree = "<group>";
		};
/* End PBXGroup section */

/* Begin PBXNativeTarget section */
		821E0F171D0EF60C00C578A5 /* MMActionConfirmation-Demo */ = {
			isa = PBXNativeTarget;
			buildConfigurationList = 821E0F2F1D0EF60D00C578A5 /* Build configuration list for PBXNativeTarget "MMActionConfirmation-Demo" */;
			buildPhases = (
				821E0F141D0EF60C00C578A5 /* Sources */,
				821E0F151D0EF60C00C578A5 /* Frameworks */,
				821E0F161D0EF60C00C578A5 /* Resources */,
			);
			buildRules = (
			);
			dependencies = (
			);
			name = "MMActionConfirmation-Demo";
			productName = "MMActionConfirmation-Demo";
			productReference = 821E0F181D0EF60C00C578A5 /* MMActionConfirmation-Demo.app */;
			productType = "com.apple.product-type.application";
		};
/* End PBXNativeTarget section */

/* Begin PBXProject section */
		821E0F101D0EF60C00C578A5 /* Project object */ = {
			isa = PBXProject;
			attributes = {
				LastUpgradeCheck = 0730;
				ORGANIZATIONNAME = Miksoft;
				TargetAttributes = {
					821E0F171D0EF60C00C578A5 = {
						CreatedOnToolsVersion = 7.3.1;
					};
				};
			};
			buildConfigurationList = 821E0F131D0EF60C00C578A5 /* Build configuration list for PBXProject "MMActionConfirmation-Demo" */;
			compatibilityVersion = "Xcode 3.2";
			developmentRegion = English;
			hasScannedForEncodings = 0;
			knownRegions = (
				en,
				Base,
			);
			mainGroup = 821E0F0F1D0EF60C00C578A5;
			productRefGroup = 821E0F191D0EF60C00C578A5 /* Products */;
			projectDirPath = "";
			projectRoot = "";
			targets = (
				821E0F171D0EF60C00C578A5 /* MMActionConfirmation-Demo */,
			);
		};
/* End PBXProject section */

/* Begin PBXResourcesBuildPhase section */
		821E0F161D0EF60C00C578A5 /* Resources */ = {
			isa = PBXResourcesBuildPhase;
			buildActionMask = 2147483647;
			files = (
				821E0F2B1D0EF60D00C578A5 /* LaunchScreen.storyboard in Resources */,
				821E0F281D0EF60D00C578A5 /* Assets.xcassets in Resources */,
				821E0F261D0EF60D00C578A5 /* Main.storyboard in Resources */,
			);
			runOnlyForDeploymentPostprocessing = 0;
		};
/* End PBXResourcesBuildPhase section */

/* Begin PBXSourcesBuildPhase section */
		821E0F141D0EF60C00C578A5 /* Sources */ = {
			isa = PBXSourcesBuildPhase;
			buildActionMask = 2147483647;
			files = (
				821E0F231D0EF60D00C578A5 /* ViewController.m in Sources */,
				82B2E5A51D0FF631000232C5 /* MMActionConfirmationView.m in Sources */,
				821E0F201D0EF60D00C578A5 /* AppDelegate.m in Sources */,
				821E0F1D1D0EF60D00C578A5 /* main.m in Sources */,
			);
			runOnlyForDeploymentPostprocessing = 0;
		};
/* End PBXSourcesBuildPhase section */

/* Begin PBXVariantGroup section */
		821E0F241D0EF60D00C578A5 /* Main.storyboard */ = {
			isa = PBXVariantGroup;
			children = (
				821E0F251D0EF60D00C578A5 /* Base */,
			);
			name = Main.storyboard;
			sourceTree = "<group>";
		};
		821E0F291D0EF60D00C578A5 /* LaunchScreen.storyboard */ = {
			isa = PBXVariantGroup;
			children = (
				821E0F2A1D0EF60D00C578A5 /* Base */,
			);
			name = LaunchScreen.storyboard;
			sourceTree = "<group>";
		};
/* End PBXVariantGroup section */

/* Begin XCBuildConfiguration section */
		821E0F2D1D0EF60D00C578A5 /* Debug */ = {
			isa = XCBuildConfiguration;
			buildSettings = {
				ALWAYS_SEARCH_USER_PATHS = NO;
				CLANG_ANALYZER_NONNULL = YES;
				CLANG_CXX_LANGUAGE_STANDARD = "gnu++0x";
				CLANG_CXX_LIBRARY = "libc++";
				CLANG_ENABLE_MODULES = YES;
				CLANG_ENABLE_OBJC_ARC = YES;
				CLANG_WARN_BOOL_CONVERSION = YES;
				CLANG_WARN_CONSTANT_CONVERSION = YES;
				CLANG_WARN_DIRECT_OBJC_ISA_USAGE = YES_ERROR;
				CLANG_WARN_EMPTY_BODY = YES;
				CLANG_WARN_ENUM_CONVERSION = YES;
				CLANG_WARN_INT_CONVERSION = YES;
				CLANG_WARN_OBJC_ROOT_CLASS = YES_ERROR;
				CLANG_WARN_UNREACHABLE_CODE = YES;
				CLANG_WARN__DUPLICATE_METHOD_MATCH = YES;
				"CODE_SIGN_IDENTITY[sdk=iphoneos*]" = "iPhone Developer";
				COPY_PHASE_STRIP = NO;
				DEBUG_INFORMATION_FORMAT = dwarf;
				ENABLE_STRICT_OBJC_MSGSEND = YES;
				ENABLE_TESTABILITY = YES;
				GCC_C_LANGUAGE_STANDARD = gnu99;
				GCC_DYNAMIC_NO_PIC = NO;
				GCC_NO_COMMON_BLOCKS = YES;
				GCC_OPTIMIZATION_LEVEL = 0;
				GCC_PREPROCESSOR_DEFINITIONS = (
					"DEBUG=1",
					"$(inherited)",
				);
				GCC_WARN_64_TO_32_BIT_CONVERSION = YES;
				GCC_WARN_ABOUT_RETURN_TYPE = YES_ERROR;
				GCC_WARN_UNDECLARED_SELECTOR = YES;
				GCC_WARN_UNINITIALIZED_AUTOS = YES_AGGRESSIVE;
				GCC_WARN_UNUSED_FUNCTION = YES;
				GCC_WARN_UNUSED_VARIABLE = YES;
				IPHONEOS_DEPLOYMENT_TARGET = 9.3;
				MTL_ENABLE_DEBUG_INFO = YES;
				ONLY_ACTIVE_ARCH = YES;
				SDKROOT = iphoneos;
			};
			name = Debug;
		};
		821E0F2E1D0EF60D00C578A5 /* Release */ = {
			isa = XCBuildConfiguration;
			buildSettings = {
				ALWAYS_SEARCH_USER_PATHS = NO;
				CLANG_ANALYZER_NONNULL = YES;
				CLANG_CXX_LANGUAGE_STANDARD = "gnu++0x";
				CLANG_CXX_LIBRARY = "libc++";
				CLANG_ENABLE_MODULES = YES;
				CLANG_ENABLE_OBJC_ARC = YES;
				CLANG_WARN_BOOL_CONVERSION = YES;
				CLANG_WARN_CONSTANT_CONVERSION = YES;
				CLANG_WARN_DIRECT_OBJC_ISA_USAGE = YES_ERROR;
				CLANG_WARN_EMPTY_BODY = YES;
				CLANG_WARN_ENUM_CONVERSION = YES;
				CLANG_WARN_INT_CONVERSION = YES;
				CLANG_WARN_OBJC_ROOT_CLASS = YES_ERROR;
				CLANG_WARN_UNREACHABLE_CODE = YES;
				CLANG_WARN__DUPLICATE_METHOD_MATCH = YES;
				"CODE_SIGN_IDENTITY[sdk=iphoneos*]" = "iPhone Developer";
				COPY_PHASE_STRIP = NO;
				DEBUG_INFORMATION_FORMAT = "dwarf-with-dsym";
				ENABLE_NS_ASSERTIONS = NO;
				ENABLE_STRICT_OBJC_MSGSEND = YES;
				GCC_C_LANGUAGE_STANDARD = gnu99;
				GCC_NO_COMMON_BLOCKS = YES;
				GCC_WARN_64_TO_32_BIT_CONVERSION = YES;
				GCC_WARN_ABOUT_RETURN_TYPE = YES_ERROR;
				GCC_WARN_UNDECLARED_SELECTOR = YES;
				GCC_WARN_UNINITIALIZED_AUTOS = YES_AGGRESSIVE;
				GCC_WARN_UNUSED_FUNCTION = YES;
				GCC_WARN_UNUSED_VARIABLE = YES;
				IPHONEOS_DEPLOYMENT_TARGET = 9.3;
				MTL_ENABLE_DEBUG_INFO = NO;
				SDKROOT = iphoneos;
				VALIDATE_PRODUCT = YES;
			};
			name = Release;
		};
		821E0F301D0EF60D00C578A5 /* Debug */ = {
			isa = XCBuildConfiguration;
			buildSettings = {
				ASSETCATALOG_COMPILER_APPICON_NAME = AppIcon;
				INFOPLIST_FILE = "MMActionConfirmation-Demo/Info.plist";
				LD_RUNPATH_SEARCH_PATHS = "$(inherited) @executable_path/Frameworks";
				PRODUCT_BUNDLE_IDENTIFIER = "net.miksoft.MMActionConfirmation-Demo";
				PRODUCT_NAME = "$(TARGET_NAME)";
			};
			name = Debug;
		};
		821E0F311D0EF60D00C578A5 /* Release */ = {
			isa = XCBuildConfiguration;
			buildSettings = {
				ASSETCATALOG_COMPILER_APPICON_NAME = AppIcon;
				INFOPLIST_FILE = "MMActionConfirmation-Demo/Info.plist";
				LD_RUNPATH_SEARCH_PATHS = "$(inherited) @executable_path/Frameworks";
				PRODUCT_BUNDLE_IDENTIFIER = "net.miksoft.MMActionConfirmation-Demo";
				PRODUCT_NAME = "$(TARGET_NAME)";
			};
			name = Release;
		};
/* End XCBuildConfiguration section */

/* Begin XCConfigurationList section */
		821E0F131D0EF60C00C578A5 /* Build configuration list for PBXProject "MMActionConfirmation-Demo" */ = {
			isa = XCConfigurationList;
			buildConfigurations = (
				821E0F2D1D0EF60D00C578A5 /* Debug */,
				821E0F2E1D0EF60D00C578A5 /* Release */,
			);
			defaultConfigurationIsVisible = 0;
			defaultConfigurationName = Release;
		};
		821E0F2F1D0EF60D00C578A5 /* Build configuration list for PBXNativeTarget "MMActionConfirmation-Demo" */ = {
			isa = XCConfigurationList;
			buildConfigurations = (
				821E0F301D0EF60D00C578A5 /* Debug */,
				821E0F311D0EF60D00C578A5 /* Release */,
			);
			defaultConfigurationIsVisible = 0;
			defaultConfigurationName = Release;
		};
/* End XCConfigurationList section */
	};
	rootObject = 821E0F101D0EF60C00C578A5 /* Project object */;
}
